
Microsoft Visual Studio Solution File, Format Version 12.00
# Visual Studio 14
VisualStudioVersion = 14.0.25123.0
MinimumVisualStudioVersion = 10.0.40219.1
Project("{FAE04EC0-301F-11D3-BF4B-00C04F79EFBC}") = "NetIGeo.Service", "NetIGeo.Service\NetIGeo.Service.csproj", "{3ADFB5CA-78EF-4912-ACD0-245BE5C5EC57}"
EndProject
Project("{FAE04EC0-301F-11D3-BF4B-00C04F79EFBC}") = "NetIGeo.Common", "NetIGeo.Common\NetIGeo.Common.csproj", "{965860C6-613F-4557-A6C5-D4BB3D1FC60F}"
EndProject
Project("{8BB2217D-0F2D-49D1-97BC-3654ED321F3B}") = "NetIGeo.WebService", "NetIGeo.WebService\NetIGeo.WebService.xproj", "{999F93A9-3AA9-4FB9-A2F1-C7A1BE4E1778}"
EndProject
Project("{FAE04EC0-301F-11D3-BF4B-00C04F79EFBC}") = "NetIGeo.Library", "NetIGeo.Library\NetIGeo.Library.csproj", "{5904A7B0-A47F-4D8A-98C2-D15369E8E7FB}"
EndProject
Global
	GlobalSection(SolutionConfigurationPlatforms) = preSolution
		Debug|Any CPU = Debug|Any CPU
		Release|Any CPU = Release|Any CPU
	EndGlobalSection
	GlobalSection(ProjectConfigurationPlatforms) = postSolution
		{3ADFB5CA-78EF-4912-ACD0-245BE5C5EC57}.Debug|Any CPU.ActiveCfg = Debug|Any CPU
		{3ADFB5CA-78EF-4912-ACD0-245BE5C5EC57}.Debug|Any CPU.Build.0 = Debug|Any CPU
		{3ADFB5CA-78EF-4912-ACD0-245BE5C5EC57}.Release|Any CPU.ActiveCfg = Release|Any CPU
		{3ADFB5CA-78EF-4912-ACD0-245BE5C5EC57}.Release|Any CPU.Build.0 = Release|Any CPU
		{965860C6-613F-4557-A6C5-D4BB3D1FC60F}.Debug|Any CPU.ActiveCfg = Debug|Any CPU
		{965860C6-613F-4557-A6C5-D4BB3D1FC60F}.Debug|Any CPU.Build.0 = Debug|Any CPU
		{965860C6-613F-4557-A6C5-D4BB3D1FC60F}.Release|Any CPU.ActiveCfg = Release|Any CPU
		{965860C6-613F-4557-A6C5-D4BB3D1FC60F}.Release|Any CPU.Build.0 = Release|Any CPU
		{999F93A9-3AA9-4FB9-A2F1-C7A1BE4E1778}.Debug|Any CPU.ActiveCfg = Debug|Any CPU
		{999F93A9-3AA9-4FB9-A2F1-C7A1BE4E1778}.Debug|Any CPU.Build.0 = Debug|Any CPU
		{999F93A9-3AA9-4FB9-A2F1-C7A1BE4E1778}.Release|Any CPU.ActiveCfg = Release|Any CPU
		{999F93A9-3AA9-4FB9-A2F1-C7A1BE4E1778}.Release|Any CPU.Build.0 = Release|Any CPU
		{5904A7B0-A47F-4D8A-98C2-D15369E8E7FB}.Debug|Any CPU.ActiveCfg = Debug|Any CPU
		{5904A7B0-A47F-4D8A-98C2-D15369E8E7FB}.Debug|Any CPU.Build.0 = Debug|Any CPU
		{5904A7B0-A47F-4D8A-98C2-D15369E8E7FB}.Release|Any CPU.ActiveCfg = Release|Any CPU
		{5904A7B0-A47F-4D8A-98C2-D15369E8E7FB}.Release|Any CPU.Build.0 = Release|Any CPU
	EndGlobalSection
	GlobalSection(SolutionProperties) = preSolution
		HideSolutionNode = FALSE
	EndGlobalSection
EndGlobal
